{
  "originHash" : "081082dc57a6d1e2a508960683260ace11044ef5ee7d188ec8bffc069c0ee01b",
  "pins" : [
    {
      "identity" : "configdirector-swift-sdk",
      "kind" : "remoteSourceControl",
      "location" : "https://github.com/ConfigDirector/configdirector-swift-sdk.git",
      "state" : {
        "revision" : "dde638ce195cdb29f1ece0a4b79b8632556c7626",
        "version" : "1.7.0"
      }
    },
    {
      "identity" : "swift-log",
      "kind" : "remoteSourceControl",
      "location" : "https://github.com/apple/swift-log",
      "state" : {
        "revision" : "9c6fb14227f55d8f711ce3847dc2f419fb0ecacb",
        "version" : "1.15.1"
      }
    },
    {
      "identity" : "swift-sdk",
      "kind" : "remoteSourceControl",
      "location" : "https://github.com/open-feature/swift-sdk.git",
      "state" : {
        "revision" : "df7ff813300aa1b6cdce300a9e53fa5b6eca31c7",
        "version" : "0.6.0"
      }
    }
  ],
  "version" : 3
}
