{
  "originHash" : "6b39e63124a788de5c2c9088e40f304217de1bb2347c603c008ed402442b1a71",
  "pins" : [
    {
      "identity" : "configdirector-swift-sdk",
      "kind" : "remoteSourceControl",
      "location" : "https://github.com/ConfigDirector/configdirector-swift-sdk.git",
      "state" : {
        "revision" : "ae142380f7411fbdc098e16f77d24708f3bedaf3",
        "version" : "1.5.1"
      }
    },
    {
      "identity" : "swift-log",
      "kind" : "remoteSourceControl",
      "location" : "https://github.com/apple/swift-log",
      "state" : {
        "revision" : "9c6fb14227f55d8f711ce3847dc2f419fb0ecacb",
        "version" : "1.15.1"
      }
    },
    {
      "identity" : "swift-sdk",
      "kind" : "remoteSourceControl",
      "location" : "https://github.com/open-feature/swift-sdk.git",
      "state" : {
        "revision" : "df7ff813300aa1b6cdce300a9e53fa5b6eca31c7",
        "version" : "0.6.0"
      }
    }
  ],
  "version" : 3
}
