{
  "originHash" : "ca88b00f94e88a211d429ea97df067d582356a8a995851c6f8f6aa7656545495",
  "pins" : [
    {
      "identity" : "configdirector-swift-openfeature-provider",
      "kind" : "remoteSourceControl",
      "location" : "https://github.com/ConfigDirector/configdirector-swift-openfeature-provider.git",
      "state" : {
        "revision" : "4f7389ee54ab8725b21b793efa32844bf662ea38",
        "version" : "1.1.1"
      }
    },
    {
      "identity" : "configdirector-swift-sdk",
      "kind" : "remoteSourceControl",
      "location" : "https://github.com/ConfigDirector/configdirector-swift-sdk.git",
      "state" : {
        "revision" : "ae142380f7411fbdc098e16f77d24708f3bedaf3",
        "version" : "1.5.1"
      }
    },
    {
      "identity" : "swift-log",
      "kind" : "remoteSourceControl",
      "location" : "https://github.com/apple/swift-log",
      "state" : {
        "revision" : "9c6fb14227f55d8f711ce3847dc2f419fb0ecacb",
        "version" : "1.15.1"
      }
    },
    {
      "identity" : "swift-sdk",
      "kind" : "remoteSourceControl",
      "location" : "https://github.com/open-feature/swift-sdk.git",
      "state" : {
        "revision" : "df7ff813300aa1b6cdce300a9e53fa5b6eca31c7",
        "version" : "0.6.0"
      }
    }
  ],
  "version" : 3
}
